
Microsoft Visual Studio Solution File, Format Version 12.00
# Visual Studio Version 16
VisualStudioVersion = 16.0.29006.145
MinimumVisualStudioVersion = 10.0.40219.1
Project("{9A19103F-16F7-4668-BE54-9A1E7A4F7556}") = "Web", "OurGarden\Web.csproj", "{BCC17C60-0814-40E2-9597-6D5FC2872FA0}"
EndProject
Project("{9A19103F-16F7-4668-BE54-9A1E7A4F7556}") = "Core", "Core\Core.csproj", "{552A10D5-E434-41B5-8306-60733EA7507C}"
EndProject
Project("{9A19103F-16F7-4668-BE54-9A1E7A4F7556}") = "Model", "Model\Model.csproj", "{78AC8926-8AE2-406A-B578-4DF7CF5865AC}"
EndProject
Project("{2150E333-8FDC-42A3-9474-1A3956D46DE8}") = "HostServices", "HostServices", "{A3C71621-4E1E-4F68-B092-8E0C258B686D}"
EndProject
Project("{2150E333-8FDC-42A3-9474-1A3956D46DE8}") = "PagePinger", "PagePinger", "{DD31334E-5334-4EB4-A7D0-66311C340E2B}"
EndProject
Project("{9A19103F-16F7-4668-BE54-9A1E7A4F7556}") = "PagePingerHostService", "PagePingerHostService\PagePingerHostService.csproj", "{8B39236F-75EE-4CDF-9B56-DC59F32D7BEF}"
EndProject
Project("{9A19103F-16F7-4668-BE54-9A1E7A4F7556}") = "PagePingerHostService.Abstraction", "PagePingerHostService.Abstraction\PagePingerHostService.Abstraction.csproj", "{1B0915CD-A25D-4D2E-855C-2770070C8B77}"
EndProject
Project("{2150E333-8FDC-42A3-9474-1A3956D46DE8}") = "OrderCleaner", "OrderCleaner", "{5A6D1BDC-1B46-4DA8-AD08-EF6E9DE41E8B}"
EndProject
Project("{9A19103F-16F7-4668-BE54-9A1E7A4F7556}") = "OrderCleanerHostService", "OrderCleanerHostService\OrderCleanerHostService.csproj", "{A9EF31A2-141A-4D47-A648-86FE37770380}"
EndProject
Project("{9A19103F-16F7-4668-BE54-9A1E7A4F7556}") = "OrderCleanerHostService.Abstraction", "OrderCleanerHostService.Abstraction\OrderCleanerHostService.Abstraction.csproj", "{F02BD158-66D2-49C2-9965-F482CDFF162F}"
EndProject
Project("{2150E333-8FDC-42A3-9474-1A3956D46DE8}") = "SiteMap", "SiteMap", "{B0C94DA6-4004-41D4-83B6-D991A3A1AED9}"
EndProject
Project("{9A19103F-16F7-4668-BE54-9A1E7A4F7556}") = "SiteMapHostService", "SiteMapHostService\SiteMapHostService.csproj", "{AA1C5224-6B2A-4894-ABB7-E51816FC82FC}"
EndProject
Project("{9A19103F-16F7-4668-BE54-9A1E7A4F7556}") = "SiteMapHostService.Abstraction", "SiteMapHostService.Abstraction\SiteMapHostService.Abstraction.csproj", "{0590CFB9-06A0-42F5-B359-5E086C2B4AB2}"
EndProject
Project("{9A19103F-16F7-4668-BE54-9A1E7A4F7556}") = "DependencyInjections", "DependencyInjections\DependencyInjections.csproj", "{941BF405-319A-4FDB-95FD-9BF431379FF5}"
EndProject
Project("{2150E333-8FDC-42A3-9474-1A3956D46DE8}") = "DataBase", "DataBase", "{655AE542-F7BF-4510-AA0C-059F689726C4}"
EndProject
Project("{9A19103F-16F7-4668-BE54-9A1E7A4F7556}") = "DataBase.Context", "DataBase.Context\DataBase.Context.csproj", "{CD07685B-F578-4DB5-A528-D132E48DE576}"
EndProject
Project("{9A19103F-16F7-4668-BE54-9A1E7A4F7556}") = "DataBase.Repository", "DataBase.Repository\DataBase.Repository.csproj", "{C88B3E5A-A732-431A-AE96-93B5588891D5}"
EndProject
Project("{9A19103F-16F7-4668-BE54-9A1E7A4F7556}") = "DataBase.Abstraction", "DataBase.Abstraction\DataBase.Abstraction.csproj", "{79D613A2-4BB3-4D2D-9F3C-0CDFBCE0EEA9}"
EndProject
Project("{9A19103F-16F7-4668-BE54-9A1E7A4F7556}") = "DataBase.Core", "DataBase.Core\DataBase.Core.csproj", "{9E213BA5-4EAA-46A4-9F0F-4B504AAD1CD1}"
EndProject
Project("{2150E333-8FDC-42A3-9474-1A3956D46DE8}") = "Api", "Api", "{0BD7DD4B-542B-4E7C-8564-88F3DC45BA4A}"
EndProject
Project("{9A19103F-16F7-4668-BE54-9A1E7A4F7556}") = "ApiService", "ApiService\ApiService.csproj", "{0EFDE6B2-E886-46D5-B774-F6099708DDE5}"
EndProject
Project("{9A19103F-16F7-4668-BE54-9A1E7A4F7556}") = "ApiService.Abstraction", "ApiService.Abstraction\ApiService.Abstraction.csproj", "{C2625425-7185-42BE-B528-307F8623F282}"
EndProject
Project("{9A19103F-16F7-4668-BE54-9A1E7A4F7556}") = "ApiService.Core", "ApiService.Core\ApiService.Core.csproj", "{33FE034E-A1E6-4510-AF3D-46DB5D3B4D2C}"
EndProject
Project("{2150E333-8FDC-42A3-9474-1A3956D46DE8}") = "AppServices", "AppServices", "{2A2C718A-5E05-42D5-B404-555DC6222878}"
EndProject
Project("{9A19103F-16F7-4668-BE54-9A1E7A4F7556}") = "EmailService", "EmailService\EmailService.csproj", "{88CA95E1-BDC1-47B7-A9BF-4BC3A6AA97E9}"
EndProject
Project("{2150E333-8FDC-42A3-9474-1A3956D46DE8}") = "Email", "Email", "{79232776-9130-40E8-B202-E421E4B9F2FC}"
EndProject
Project("{9A19103F-16F7-4668-BE54-9A1E7A4F7556}") = "EmailService.Abstraction", "EmailService.Abstraction\EmailService.Abstraction.csproj", "{FFE6948B-6163-4792-8B92-E9FF0B233CAE}"
EndProject
Project("{2150E333-8FDC-42A3-9474-1A3956D46DE8}") = "Photo", "Photo", "{12A3BC93-200A-4058-97BE-EFEDB75BD997}"
EndProject
Project("{FAE04EC0-301F-11D3-BF4B-00C04F79EFBC}") = "PhotoService", "ImageService\PhotoService.csproj", "{29A49314-969E-4C68-993A-272CC41E7088}"
EndProject
Project("{FAE04EC0-301F-11D3-BF4B-00C04F79EFBC}") = "PhotoService.Abstraction", "ImageService.Abstraction\PhotoService.Abstraction.csproj", "{1C8139CF-2176-49DA-861F-C84CBF9CEA0E}"
EndProject
Global
	GlobalSection(SolutionConfigurationPlatforms) = preSolution
		Debug|Any CPU = Debug|Any CPU
		Release|Any CPU = Release|Any CPU
		Stage|Any CPU = Stage|Any CPU
	EndGlobalSection
	GlobalSection(ProjectConfigurationPlatforms) = postSolution
		{BCC17C60-0814-40E2-9597-6D5FC2872FA0}.Debug|Any CPU.ActiveCfg = Debug|Any CPU
		{BCC17C60-0814-40E2-9597-6D5FC2872FA0}.Debug|Any CPU.Build.0 = Debug|Any CPU
		{BCC17C60-0814-40E2-9597-6D5FC2872FA0}.Release|Any CPU.ActiveCfg = Release|Any CPU
		{BCC17C60-0814-40E2-9597-6D5FC2872FA0}.Release|Any CPU.Build.0 = Release|Any CPU
		{BCC17C60-0814-40E2-9597-6D5FC2872FA0}.Stage|Any CPU.ActiveCfg = Stage|Any CPU
		{BCC17C60-0814-40E2-9597-6D5FC2872FA0}.Stage|Any CPU.Build.0 = Stage|Any CPU
		{552A10D5-E434-41B5-8306-60733EA7507C}.Debug|Any CPU.ActiveCfg = Debug|Any CPU
		{552A10D5-E434-41B5-8306-60733EA7507C}.Debug|Any CPU.Build.0 = Debug|Any CPU
		{552A10D5-E434-41B5-8306-60733EA7507C}.Release|Any CPU.ActiveCfg = Release|Any CPU
		{552A10D5-E434-41B5-8306-60733EA7507C}.Release|Any CPU.Build.0 = Release|Any CPU
		{552A10D5-E434-41B5-8306-60733EA7507C}.Stage|Any CPU.ActiveCfg = Stage|Any CPU
		{552A10D5-E434-41B5-8306-60733EA7507C}.Stage|Any CPU.Build.0 = Stage|Any CPU
		{78AC8926-8AE2-406A-B578-4DF7CF5865AC}.Debug|Any CPU.ActiveCfg = Debug|Any CPU
		{78AC8926-8AE2-406A-B578-4DF7CF5865AC}.Debug|Any CPU.Build.0 = Debug|Any CPU
		{78AC8926-8AE2-406A-B578-4DF7CF5865AC}.Release|Any CPU.ActiveCfg = Release|Any CPU
		{78AC8926-8AE2-406A-B578-4DF7CF5865AC}.Release|Any CPU.Build.0 = Release|Any CPU
		{78AC8926-8AE2-406A-B578-4DF7CF5865AC}.Stage|Any CPU.ActiveCfg = Stage|Any CPU
		{78AC8926-8AE2-406A-B578-4DF7CF5865AC}.Stage|Any CPU.Build.0 = Stage|Any CPU
		{8B39236F-75EE-4CDF-9B56-DC59F32D7BEF}.Debug|Any CPU.ActiveCfg = Debug|Any CPU
		{8B39236F-75EE-4CDF-9B56-DC59F32D7BEF}.Debug|Any CPU.Build.0 = Debug|Any CPU
		{8B39236F-75EE-4CDF-9B56-DC59F32D7BEF}.Release|Any CPU.ActiveCfg = Release|Any CPU
		{8B39236F-75EE-4CDF-9B56-DC59F32D7BEF}.Release|Any CPU.Build.0 = Release|Any CPU
		{8B39236F-75EE-4CDF-9B56-DC59F32D7BEF}.Stage|Any CPU.ActiveCfg = Debug|Any CPU
		{8B39236F-75EE-4CDF-9B56-DC59F32D7BEF}.Stage|Any CPU.Build.0 = Debug|Any CPU
		{1B0915CD-A25D-4D2E-855C-2770070C8B77}.Debug|Any CPU.ActiveCfg = Debug|Any CPU
		{1B0915CD-A25D-4D2E-855C-2770070C8B77}.Debug|Any CPU.Build.0 = Debug|Any CPU
		{1B0915CD-A25D-4D2E-855C-2770070C8B77}.Release|Any CPU.ActiveCfg = Release|Any CPU
		{1B0915CD-A25D-4D2E-855C-2770070C8B77}.Release|Any CPU.Build.0 = Release|Any CPU
		{1B0915CD-A25D-4D2E-855C-2770070C8B77}.Stage|Any CPU.ActiveCfg = Debug|Any CPU
		{1B0915CD-A25D-4D2E-855C-2770070C8B77}.Stage|Any CPU.Build.0 = Debug|Any CPU
		{A9EF31A2-141A-4D47-A648-86FE37770380}.Debug|Any CPU.ActiveCfg = Debug|Any CPU
		{A9EF31A2-141A-4D47-A648-86FE37770380}.Debug|Any CPU.Build.0 = Debug|Any CPU
		{A9EF31A2-141A-4D47-A648-86FE37770380}.Release|Any CPU.ActiveCfg = Release|Any CPU
		{A9EF31A2-141A-4D47-A648-86FE37770380}.Release|Any CPU.Build.0 = Release|Any CPU
		{A9EF31A2-141A-4D47-A648-86FE37770380}.Stage|Any CPU.ActiveCfg = Debug|Any CPU
		{A9EF31A2-141A-4D47-A648-86FE37770380}.Stage|Any CPU.Build.0 = Debug|Any CPU
		{F02BD158-66D2-49C2-9965-F482CDFF162F}.Debug|Any CPU.ActiveCfg = Debug|Any CPU
		{F02BD158-66D2-49C2-9965-F482CDFF162F}.Debug|Any CPU.Build.0 = Debug|Any CPU
		{F02BD158-66D2-49C2-9965-F482CDFF162F}.Release|Any CPU.ActiveCfg = Release|Any CPU
		{F02BD158-66D2-49C2-9965-F482CDFF162F}.Release|Any CPU.Build.0 = Release|Any CPU
		{F02BD158-66D2-49C2-9965-F482CDFF162F}.Stage|Any CPU.ActiveCfg = Debug|Any CPU
		{F02BD158-66D2-49C2-9965-F482CDFF162F}.Stage|Any CPU.Build.0 = Debug|Any CPU
		{AA1C5224-6B2A-4894-ABB7-E51816FC82FC}.Debug|Any CPU.ActiveCfg = Debug|Any CPU
		{AA1C5224-6B2A-4894-ABB7-E51816FC82FC}.Debug|Any CPU.Build.0 = Debug|Any CPU
		{AA1C5224-6B2A-4894-ABB7-E51816FC82FC}.Release|Any CPU.ActiveCfg = Release|Any CPU
		{AA1C5224-6B2A-4894-ABB7-E51816FC82FC}.Release|Any CPU.Build.0 = Release|Any CPU
		{AA1C5224-6B2A-4894-ABB7-E51816FC82FC}.Stage|Any CPU.ActiveCfg = Debug|Any CPU
		{AA1C5224-6B2A-4894-ABB7-E51816FC82FC}.Stage|Any CPU.Build.0 = Debug|Any CPU
		{0590CFB9-06A0-42F5-B359-5E086C2B4AB2}.Debug|Any CPU.ActiveCfg = Debug|Any CPU
		{0590CFB9-06A0-42F5-B359-5E086C2B4AB2}.Debug|Any CPU.Build.0 = Debug|Any CPU
		{0590CFB9-06A0-42F5-B359-5E086C2B4AB2}.Release|Any CPU.ActiveCfg = Release|Any CPU
		{0590CFB9-06A0-42F5-B359-5E086C2B4AB2}.Release|Any CPU.Build.0 = Release|Any CPU
		{0590CFB9-06A0-42F5-B359-5E086C2B4AB2}.Stage|Any CPU.ActiveCfg = Debug|Any CPU
		{0590CFB9-06A0-42F5-B359-5E086C2B4AB2}.Stage|Any CPU.Build.0 = Debug|Any CPU
		{941BF405-319A-4FDB-95FD-9BF431379FF5}.Debug|Any CPU.ActiveCfg = Debug|Any CPU
		{941BF405-319A-4FDB-95FD-9BF431379FF5}.Debug|Any CPU.Build.0 = Debug|Any CPU
		{941BF405-319A-4FDB-95FD-9BF431379FF5}.Release|Any CPU.ActiveCfg = Release|Any CPU
		{941BF405-319A-4FDB-95FD-9BF431379FF5}.Release|Any CPU.Build.0 = Release|Any CPU
		{941BF405-319A-4FDB-95FD-9BF431379FF5}.Stage|Any CPU.ActiveCfg = Debug|Any CPU
		{941BF405-319A-4FDB-95FD-9BF431379FF5}.Stage|Any CPU.Build.0 = Debug|Any CPU
		{CD07685B-F578-4DB5-A528-D132E48DE576}.Debug|Any CPU.ActiveCfg = Debug|Any CPU
		{CD07685B-F578-4DB5-A528-D132E48DE576}.Debug|Any CPU.Build.0 = Debug|Any CPU
		{CD07685B-F578-4DB5-A528-D132E48DE576}.Release|Any CPU.ActiveCfg = Release|Any CPU
		{CD07685B-F578-4DB5-A528-D132E48DE576}.Release|Any CPU.Build.0 = Release|Any CPU
		{CD07685B-F578-4DB5-A528-D132E48DE576}.Stage|Any CPU.ActiveCfg = Debug|Any CPU
		{CD07685B-F578-4DB5-A528-D132E48DE576}.Stage|Any CPU.Build.0 = Debug|Any CPU
		{C88B3E5A-A732-431A-AE96-93B5588891D5}.Debug|Any CPU.ActiveCfg = Debug|Any CPU
		{C88B3E5A-A732-431A-AE96-93B5588891D5}.Debug|Any CPU.Build.0 = Debug|Any CPU
		{C88B3E5A-A732-431A-AE96-93B5588891D5}.Release|Any CPU.ActiveCfg = Release|Any CPU
		{C88B3E5A-A732-431A-AE96-93B5588891D5}.Release|Any CPU.Build.0 = Release|Any CPU
		{C88B3E5A-A732-431A-AE96-93B5588891D5}.Stage|Any CPU.ActiveCfg = Debug|Any CPU
		{C88B3E5A-A732-431A-AE96-93B5588891D5}.Stage|Any CPU.Build.0 = Debug|Any CPU
		{79D613A2-4BB3-4D2D-9F3C-0CDFBCE0EEA9}.Debug|Any CPU.ActiveCfg = Debug|Any CPU
		{79D613A2-4BB3-4D2D-9F3C-0CDFBCE0EEA9}.Debug|Any CPU.Build.0 = Debug|Any CPU
		{79D613A2-4BB3-4D2D-9F3C-0CDFBCE0EEA9}.Release|Any CPU.ActiveCfg = Release|Any CPU
		{79D613A2-4BB3-4D2D-9F3C-0CDFBCE0EEA9}.Release|Any CPU.Build.0 = Release|Any CPU
		{79D613A2-4BB3-4D2D-9F3C-0CDFBCE0EEA9}.Stage|Any CPU.ActiveCfg = Debug|Any CPU
		{79D613A2-4BB3-4D2D-9F3C-0CDFBCE0EEA9}.Stage|Any CPU.Build.0 = Debug|Any CPU
		{9E213BA5-4EAA-46A4-9F0F-4B504AAD1CD1}.Debug|Any CPU.ActiveCfg = Debug|Any CPU
		{9E213BA5-4EAA-46A4-9F0F-4B504AAD1CD1}.Debug|Any CPU.Build.0 = Debug|Any CPU
		{9E213BA5-4EAA-46A4-9F0F-4B504AAD1CD1}.Release|Any CPU.ActiveCfg = Release|Any CPU
		{9E213BA5-4EAA-46A4-9F0F-4B504AAD1CD1}.Release|Any CPU.Build.0 = Release|Any CPU
		{9E213BA5-4EAA-46A4-9F0F-4B504AAD1CD1}.Stage|Any CPU.ActiveCfg = Debug|Any CPU
		{9E213BA5-4EAA-46A4-9F0F-4B504AAD1CD1}.Stage|Any CPU.Build.0 = Debug|Any CPU
		{0EFDE6B2-E886-46D5-B774-F6099708DDE5}.Debug|Any CPU.ActiveCfg = Debug|Any CPU
		{0EFDE6B2-E886-46D5-B774-F6099708DDE5}.Debug|Any CPU.Build.0 = Debug|Any CPU
		{0EFDE6B2-E886-46D5-B774-F6099708DDE5}.Release|Any CPU.ActiveCfg = Release|Any CPU
		{0EFDE6B2-E886-46D5-B774-F6099708DDE5}.Release|Any CPU.Build.0 = Release|Any CPU
		{0EFDE6B2-E886-46D5-B774-F6099708DDE5}.Stage|Any CPU.ActiveCfg = Debug|Any CPU
		{0EFDE6B2-E886-46D5-B774-F6099708DDE5}.Stage|Any CPU.Build.0 = Debug|Any CPU
		{C2625425-7185-42BE-B528-307F8623F282}.Debug|Any CPU.ActiveCfg = Debug|Any CPU
		{C2625425-7185-42BE-B528-307F8623F282}.Debug|Any CPU.Build.0 = Debug|Any CPU
		{C2625425-7185-42BE-B528-307F8623F282}.Release|Any CPU.ActiveCfg = Release|Any CPU
		{C2625425-7185-42BE-B528-307F8623F282}.Release|Any CPU.Build.0 = Release|Any CPU
		{C2625425-7185-42BE-B528-307F8623F282}.Stage|Any CPU.ActiveCfg = Debug|Any CPU
		{C2625425-7185-42BE-B528-307F8623F282}.Stage|Any CPU.Build.0 = Debug|Any CPU
		{33FE034E-A1E6-4510-AF3D-46DB5D3B4D2C}.Debug|Any CPU.ActiveCfg = Debug|Any CPU
		{33FE034E-A1E6-4510-AF3D-46DB5D3B4D2C}.Debug|Any CPU.Build.0 = Debug|Any CPU
		{33FE034E-A1E6-4510-AF3D-46DB5D3B4D2C}.Release|Any CPU.ActiveCfg = Release|Any CPU
		{33FE034E-A1E6-4510-AF3D-46DB5D3B4D2C}.Release|Any CPU.Build.0 = Release|Any CPU
		{33FE034E-A1E6-4510-AF3D-46DB5D3B4D2C}.Stage|Any CPU.ActiveCfg = Debug|Any CPU
		{33FE034E-A1E6-4510-AF3D-46DB5D3B4D2C}.Stage|Any CPU.Build.0 = Debug|Any CPU
		{88CA95E1-BDC1-47B7-A9BF-4BC3A6AA97E9}.Debug|Any CPU.ActiveCfg = Debug|Any CPU
		{88CA95E1-BDC1-47B7-A9BF-4BC3A6AA97E9}.Debug|Any CPU.Build.0 = Debug|Any CPU
		{88CA95E1-BDC1-47B7-A9BF-4BC3A6AA97E9}.Release|Any CPU.ActiveCfg = Release|Any CPU
		{88CA95E1-BDC1-47B7-A9BF-4BC3A6AA97E9}.Release|Any CPU.Build.0 = Release|Any CPU
		{88CA95E1-BDC1-47B7-A9BF-4BC3A6AA97E9}.Stage|Any CPU.ActiveCfg = Debug|Any CPU
		{88CA95E1-BDC1-47B7-A9BF-4BC3A6AA97E9}.Stage|Any CPU.Build.0 = Debug|Any CPU
		{FFE6948B-6163-4792-8B92-E9FF0B233CAE}.Debug|Any CPU.ActiveCfg = Debug|Any CPU
		{FFE6948B-6163-4792-8B92-E9FF0B233CAE}.Debug|Any CPU.Build.0 = Debug|Any CPU
		{FFE6948B-6163-4792-8B92-E9FF0B233CAE}.Release|Any CPU.ActiveCfg = Release|Any CPU
		{FFE6948B-6163-4792-8B92-E9FF0B233CAE}.Release|Any CPU.Build.0 = Release|Any CPU
		{FFE6948B-6163-4792-8B92-E9FF0B233CAE}.Stage|Any CPU.ActiveCfg = Debug|Any CPU
		{FFE6948B-6163-4792-8B92-E9FF0B233CAE}.Stage|Any CPU.Build.0 = Debug|Any CPU
		{29A49314-969E-4C68-993A-272CC41E7088}.Debug|Any CPU.ActiveCfg = Debug|Any CPU
		{29A49314-969E-4C68-993A-272CC41E7088}.Debug|Any CPU.Build.0 = Debug|Any CPU
		{29A49314-969E-4C68-993A-272CC41E7088}.Release|Any CPU.ActiveCfg = Release|Any CPU
		{29A49314-969E-4C68-993A-272CC41E7088}.Release|Any CPU.Build.0 = Release|Any CPU
		{29A49314-969E-4C68-993A-272CC41E7088}.Stage|Any CPU.ActiveCfg = Debug|Any CPU
		{29A49314-969E-4C68-993A-272CC41E7088}.Stage|Any CPU.Build.0 = Debug|Any CPU
		{1C8139CF-2176-49DA-861F-C84CBF9CEA0E}.Debug|Any CPU.ActiveCfg = Debug|Any CPU
		{1C8139CF-2176-49DA-861F-C84CBF9CEA0E}.Debug|Any CPU.Build.0 = Debug|Any CPU
		{1C8139CF-2176-49DA-861F-C84CBF9CEA0E}.Release|Any CPU.ActiveCfg = Release|Any CPU
		{1C8139CF-2176-49DA-861F-C84CBF9CEA0E}.Release|Any CPU.Build.0 = Release|Any CPU
		{1C8139CF-2176-49DA-861F-C84CBF9CEA0E}.Stage|Any CPU.ActiveCfg = Debug|Any CPU
		{1C8139CF-2176-49DA-861F-C84CBF9CEA0E}.Stage|Any CPU.Build.0 = Debug|Any CPU
	EndGlobalSection
	GlobalSection(SolutionProperties) = preSolution
		HideSolutionNode = FALSE
	EndGlobalSection
	GlobalSection(NestedProjects) = preSolution
		{DD31334E-5334-4EB4-A7D0-66311C340E2B} = {A3C71621-4E1E-4F68-B092-8E0C258B686D}
		{8B39236F-75EE-4CDF-9B56-DC59F32D7BEF} = {DD31334E-5334-4EB4-A7D0-66311C340E2B}
		{1B0915CD-A25D-4D2E-855C-2770070C8B77} = {DD31334E-5334-4EB4-A7D0-66311C340E2B}
		{5A6D1BDC-1B46-4DA8-AD08-EF6E9DE41E8B} = {A3C71621-4E1E-4F68-B092-8E0C258B686D}
		{A9EF31A2-141A-4D47-A648-86FE37770380} = {5A6D1BDC-1B46-4DA8-AD08-EF6E9DE41E8B}
		{F02BD158-66D2-49C2-9965-F482CDFF162F} = {5A6D1BDC-1B46-4DA8-AD08-EF6E9DE41E8B}
		{B0C94DA6-4004-41D4-83B6-D991A3A1AED9} = {A3C71621-4E1E-4F68-B092-8E0C258B686D}
		{AA1C5224-6B2A-4894-ABB7-E51816FC82FC} = {B0C94DA6-4004-41D4-83B6-D991A3A1AED9}
		{0590CFB9-06A0-42F5-B359-5E086C2B4AB2} = {B0C94DA6-4004-41D4-83B6-D991A3A1AED9}
		{CD07685B-F578-4DB5-A528-D132E48DE576} = {655AE542-F7BF-4510-AA0C-059F689726C4}
		{C88B3E5A-A732-431A-AE96-93B5588891D5} = {655AE542-F7BF-4510-AA0C-059F689726C4}
		{79D613A2-4BB3-4D2D-9F3C-0CDFBCE0EEA9} = {655AE542-F7BF-4510-AA0C-059F689726C4}
		{9E213BA5-4EAA-46A4-9F0F-4B504AAD1CD1} = {655AE542-F7BF-4510-AA0C-059F689726C4}
		{0EFDE6B2-E886-46D5-B774-F6099708DDE5} = {0BD7DD4B-542B-4E7C-8564-88F3DC45BA4A}
		{C2625425-7185-42BE-B528-307F8623F282} = {0BD7DD4B-542B-4E7C-8564-88F3DC45BA4A}
		{33FE034E-A1E6-4510-AF3D-46DB5D3B4D2C} = {0BD7DD4B-542B-4E7C-8564-88F3DC45BA4A}
		{88CA95E1-BDC1-47B7-A9BF-4BC3A6AA97E9} = {79232776-9130-40E8-B202-E421E4B9F2FC}
		{79232776-9130-40E8-B202-E421E4B9F2FC} = {2A2C718A-5E05-42D5-B404-555DC6222878}
		{FFE6948B-6163-4792-8B92-E9FF0B233CAE} = {79232776-9130-40E8-B202-E421E4B9F2FC}
		{12A3BC93-200A-4058-97BE-EFEDB75BD997} = {2A2C718A-5E05-42D5-B404-555DC6222878}
		{29A49314-969E-4C68-993A-272CC41E7088} = {12A3BC93-200A-4058-97BE-EFEDB75BD997}
		{1C8139CF-2176-49DA-861F-C84CBF9CEA0E} = {12A3BC93-200A-4058-97BE-EFEDB75BD997}
	EndGlobalSection
	GlobalSection(ExtensibilityGlobals) = postSolution
		SolutionGuid = {9F6A987A-A5B2-4659-A0E6-5BB062366DE9}
	EndGlobalSection
EndGlobal
